
Microsoft Visual Studio Solution File, Format Version 12.00
# Visual Studio Version 17
VisualStudioVersion = 17.1.32228.430
MinimumVisualStudioVersion = 10.0.40219.1
Project("{FAE04EC0-301F-11D3-BF4B-00C04F79EFBC}") = "PruebaFinal", "PruebaFinal\PruebaFinal.csproj", "{16EC5E57-4BF5-4AFB-86DC-D9F7FEA77746}"
EndProject
Global
	GlobalSection(SolutionConfigurationPlatforms) = preSolution
		Debug|Any CPU = Debug|Any CPU
		Release|Any CPU = Release|Any CPU
	EndGlobalSection
	GlobalSection(ProjectConfigurationPlatforms) = postSolution
		{16EC5E57-4BF5-4AFB-86DC-D9F7FEA77746}.Debug|Any CPU.ActiveCfg = Debug|Any CPU
		{16EC5E57-4BF5-4AFB-86DC-D9F7FEA77746}.Debug|Any CPU.Build.0 = Debug|Any CPU
		{16EC5E57-4BF5-4AFB-86DC-D9F7FEA77746}.Release|Any CPU.ActiveCfg = Release|Any CPU
		{16EC5E57-4BF5-4AFB-86DC-D9F7FEA77746}.Release|Any CPU.Build.0 = Release|Any CPU
	EndGlobalSection
	GlobalSection(SolutionProperties) = preSolution
		HideSolutionNode = FALSE
	EndGlobalSection
	GlobalSection(ExtensibilityGlobals) = postSolution
		SolutionGuid = {9DC695A7-A6F9-4194-969B-AF5FC04D4BEA}
	EndGlobalSection
EndGlobal
